<?xml version="1.0" encoding="utf-8"?>
<Project ToolsVersion="4.0" xmlns="http://schemas.microsoft.com/developer/msbuild/2003">
  <ItemGroup>
    <ClCompile Include="externals\glad.c" />
    <ClCompile Include="externals\imgui\imgui.cpp" />
    <ClCompile Include="externals\imgui\imgui_demo.cpp" />
    <ClCompile Include="externals\imgui\imgui_draw.cpp" />
    <ClCompile Include="externals\imgui\imgui_impl_glfw.cpp" />
    <ClCompile Include="externals\imgui\imgui_impl_opengl3.cpp" />
    <ClCompile Include="externals\imgui\imgui_widgets.cpp" />
    <ClCompile Include="externals\stb_image.cpp" />
    <ClCompile Include="externals\tiny_obj_loader.cpp" />
    <ClCompile Include="src\camera.cpp" />
    <ClCompile Include="src\demo_base.cpp" />
    <ClCompile Include="src\demo_hdr.cpp" />
    <ClCompile Include="src\demo_minimal.cpp" />
    <ClCompile Include="src\demo_fbo.cpp" />
    <ClCompile Include="src\demo_shadowMap.cpp" />
    <ClCompile Include="src\demo_normal_map.cpp" />
    <ClCompile Include="src\demo_skybox.cpp" />
    <ClCompile Include="src\main.cpp" />
    <ClCompile Include="src\mesh.cpp" />
    <ClCompile Include="src\opengl_helpers.cpp" />
    <ClCompile Include="src\opengl_helpers_cache.cpp" />
    <ClCompile Include="src\opengl_helpers_wireframe.cpp" />
    <ClCompile Include="src\tavern_scene.cpp" />
    <ClCompile Include="src\demo_instancing.cpp" />
    <ClCompile Include="src\demo_npr.cpp" />
    <ClCompile Include="src\demo_deferred_shading.cpp" />
  </ItemGroup>
  <ItemGroup>
    <ClInclude Include="externals\imgui\imstb_rectpack.h" />
    <ClInclude Include="externals\imgui\imstb_textedit.h" />
    <ClInclude Include="externals\imgui\imstb_truetype.h" />
    <ClInclude Include="include\imconfig.h" />
    <ClInclude Include="include\imgui.h" />
    <ClInclude Include="include\imgui_impl_glfw.h" />
    <ClInclude Include="include\imgui_impl_opengl3.h" />
    <ClInclude Include="include\imgui_internal.h" />
    <ClInclude Include="include\stb_image.h" />
    <ClInclude Include="include\tiny_obj_loader.h" />
    <ClInclude Include="src\camera.h" />
    <ClInclude Include="src\color.h" />
    <ClInclude Include="src\demo.h" />
    <ClInclude Include="src\demo_base.h" />
    <ClInclude Include="src\demo_hdr.h" />
    <ClInclude Include="src\demo_minimal.h" />
    <ClInclude Include="src\demo_fbo.h" />
    <ClInclude Include="src\demo_normal_map.h" />
    <ClInclude Include="src\demo_pg_billboard.h" />
    <ClInclude Include="src\demo_pg_billboard2.h" />
    <ClInclude Include="src\demo_pg_postprocess.h" />
    <ClInclude Include="src\demo_pg_skybox.h" />
    <ClInclude Include="src\demo_shadowMap.h" />
    <ClInclude Include="src\demo_skybox.h" />
    <ClInclude Include="src\maths.h" />
    <ClInclude Include="src\maths_extension.h" />
    <ClInclude Include="src\mesh.h" />
    <ClInclude Include="src\opengl_headers.h" />
    <ClInclude Include="src\opengl_helpers.h" />
    <ClInclude Include="src\opengl_helpers_cache.h" />
    <ClInclude Include="src\opengl_helpers_wireframe.h" />
    <ClInclude Include="src\platform.h" />
    <ClInclude Include="src\tavern_scene.h" />
    <ClInclude Include="src\types.h" />
    <ClInclude Include="src\demo_instancing.h" />
    <ClInclude Include="src\demo_npr.h" />
    <ClInclude Include="src\demo_deferred_shading.h" />
  </ItemGroup>
</Project>